
Microsoft Visual Studio Solution File, Format Version 11.00
# Visual Studio 2010
Project("{8BC9CEB8-8B4A-11D0-8D11-00A0C91BC942}") = "Struktury_danych", "Struktury_danych\Struktury_danych.vcxproj", "{6E18BDE5-01D4-4DB1-A28A-C5739BE376CE}"
EndProject
Global
	GlobalSection(SolutionConfigurationPlatforms) = preSolution
		Debug|Win32 = Debug|Win32
		Release|Win32 = Release|Win32
	EndGlobalSection
	GlobalSection(ProjectConfigurationPlatforms) = postSolution
		{6E18BDE5-01D4-4DB1-A28A-C5739BE376CE}.Debug|Win32.ActiveCfg = Debug|Win32
		{6E18BDE5-01D4-4DB1-A28A-C5739BE376CE}.Debug|Win32.Build.0 = Debug|Win32
		{6E18BDE5-01D4-4DB1-A28A-C5739BE376CE}.Release|Win32.ActiveCfg = Release|Win32
		{6E18BDE5-01D4-4DB1-A28A-C5739BE376CE}.Release|Win32.Build.0 = Release|Win32
	EndGlobalSection
	GlobalSection(SolutionProperties) = preSolution
		HideSolutionNode = FALSE
	EndGlobalSection
EndGlobal
